
Microsoft Visual Studio Solution File, Format Version 12.00
# Visual Studio Version 17
VisualStudioVersion = 17.14.36511.14 d17.14
MinimumVisualStudioVersion = 10.0.40219.1
Project("{FAE04EC0-301F-11D3-BF4B-00C04F79EFBC}") = "Hello-World", "Hello-World\Hello-World.csproj", "{13E07E2C-6D69-422B-B2C1-835D7BD6891B}"
EndProject
Global
	GlobalSection(SolutionConfigurationPlatforms) = preSolution
		Debug|Any CPU = Debug|Any CPU
		Release|Any CPU = Release|Any CPU
	EndGlobalSection
	GlobalSection(ProjectConfigurationPlatforms) = postSolution
		{13E07E2C-6D69-422B-B2C1-835D7BD6891B}.Debug|Any CPU.ActiveCfg = Debug|Any CPU
		{13E07E2C-6D69-422B-B2C1-835D7BD6891B}.Debug|Any CPU.Build.0 = Debug|Any CPU
		{13E07E2C-6D69-422B-B2C1-835D7BD6891B}.Release|Any CPU.ActiveCfg = Release|Any CPU
		{13E07E2C-6D69-422B-B2C1-835D7BD6891B}.Release|Any CPU.Build.0 = Release|Any CPU
	EndGlobalSection
	GlobalSection(SolutionProperties) = preSolution
		HideSolutionNode = FALSE
	EndGlobalSection
	GlobalSection(ExtensibilityGlobals) = postSolution
		SolutionGuid = {AB6F02CB-13E3-4F68-B72E-FCB05649BC87}
	EndGlobalSection
EndGlobal
